
Microsoft Visual Studio Solution File, Format Version 12.00
# Visual Studio Version 16
VisualStudioVersion = 16.0.30503.244
MinimumVisualStudioVersion = 10.0.40219.1
Project("{FAE04EC0-301F-11D3-BF4B-00C04F79EFBC}") = "ErrorMessagePopup", "ErrorMessagePopup\ErrorMessagePopup.csproj", "{9CE74321-659C-416A-B0C0-96B8B1D8C026}"
EndProject
Global
	GlobalSection(SolutionConfigurationPlatforms) = preSolution
		Debug|Any CPU = Debug|Any CPU
		Release|Any CPU = Release|Any CPU
	EndGlobalSection
	GlobalSection(ProjectConfigurationPlatforms) = postSolution
		{9CE74321-659C-416A-B0C0-96B8B1D8C026}.Debug|Any CPU.ActiveCfg = Debug|Any CPU
		{9CE74321-659C-416A-B0C0-96B8B1D8C026}.Debug|Any CPU.Build.0 = Debug|Any CPU
		{9CE74321-659C-416A-B0C0-96B8B1D8C026}.Release|Any CPU.ActiveCfg = Release|Any CPU
		{9CE74321-659C-416A-B0C0-96B8B1D8C026}.Release|Any CPU.Build.0 = Release|Any CPU
	EndGlobalSection
	GlobalSection(SolutionProperties) = preSolution
		HideSolutionNode = FALSE
	EndGlobalSection
	GlobalSection(ExtensibilityGlobals) = postSolution
		SolutionGuid = {E8F0594B-B5B8-4B3B-9EAC-85F4F3600EF4}
	EndGlobalSection
EndGlobal
